// !$*UTF8*$!
{
	archiveVersion = 1;
	classes = {
	};
	objectVersion = 52;
	objects = {

/* Begin PBXBuildFile section */
		42FD17FA2622BEB5006464F9 /* AppDelegate.swift in Sources */ = {isa = PBXBuildFile; fileRef = 42FD17F92622BEB5006464F9 /* AppDelegate.swift */; };
		42FD17FC2622BEB5006464F9 /* SceneDelegate.swift in Sources */ = {isa = PBXBuildFile; fileRef = 42FD17FB2622BEB5006464F9 /* SceneDelegate.swift */; };
		42FD17FE2622BEB5006464F9 /* ViewController.swift in Sources */ = {isa = PBXBuildFile; fileRef = 42FD17FD2622BEB5006464F9 /* ViewController.swift */; };
		42FD18012622BEB5006464F9 /* Main.storyboard in Resources */ = {isa = PBXBuildFile; fileRef = 42FD17FF2622BEB5006464F9 /* Main.storyboard */; };
		42FD18032622BEB5006464F9 /* Assets.xcassets in Resources */ = {isa = PBXBuildFile; fileRef = 42FD18022622BEB5006464F9 /* Assets.xcassets */; };
		42FD18062622BEB5006464F9 /* LaunchScreen.storyboard in Resources */ = {isa = PBXBuildFile; fileRef = 42FD18042622BEB5006464F9 /* LaunchScreen.storyboard */; };
		42FD180F2622BF41006464F9 /* ViewModel.swift in Sources */ = {isa = PBXBuildFile; fileRef = 42FD180E2622BF41006464F9 /* ViewModel.swift */; };
		42FD18182622C4B4006464F9 /* SnapKit in Frameworks */ = {isa = PBXBuildFile; productRef = 42FD18172622C4B4006464F9 /* SnapKit */; };
		42FD181F2622C7CD006464F9 /* Cell.swift in Sources */ = {isa = PBXBuildFile; fileRef = 42FD181E2622C7CD006464F9 /* Cell.swift */; };
		42FD18222622C899006464F9 /* CellViewModel.swift in Sources */ = {isa = PBXBuildFile; fileRef = 42FD18212622C899006464F9 /* CellViewModel.swift */; };
		42FD18322622E880006464F9 /* RxDataSources in Frameworks */ = {isa = PBXBuildFile; productRef = 42FD18312622E880006464F9 /* RxDataSources */; };
		42FD18342622E880006464F9 /* Differentiator in Frameworks */ = {isa = PBXBuildFile; productRef = 42FD18332622E880006464F9 /* Differentiator */; };
		42FD18382622E9B8006464F9 /* Model.swift in Sources */ = {isa = PBXBuildFile; fileRef = 42FD18372622E9B8006464F9 /* Model.swift */; };
		42FD183E262302BA006464F9 /* RxSwift in Frameworks */ = {isa = PBXBuildFile; productRef = 42FD183D262302BA006464F9 /* RxSwift */; };
		42FD1840262302BA006464F9 /* RxCocoa in Frameworks */ = {isa = PBXBuildFile; productRef = 42FD183F262302BA006464F9 /* RxCocoa */; };
		42FD1842262302BA006464F9 /* RxRelay in Frameworks */ = {isa = PBXBuildFile; productRef = 42FD1841262302BA006464F9 /* RxRelay */; };
/* End PBXBuildFile section */

/* Begin PBXFileReference section */
		42FD17F62622BEB5006464F9 /* StaticTableViewMVVM.app */ = {isa = PBXFileReference; explicitFileType = wrapper.application; includeInIndex = 0; path = StaticTableViewMVVM.app; sourceTree = BUILT_PRODUCTS_DIR; };
		42FD17F92622BEB5006464F9 /* AppDelegate.swift */ = {isa = PBXFileReference; lastKnownFileType = sourcecode.swift; path = AppDelegate.swift; sourceTree = "<group>"; };
		42FD17FB2622BEB5006464F9 /* SceneDelegate.swift */ = {isa = PBXFileReference; lastKnownFileType = sourcecode.swift; path = SceneDelegate.swift; sourceTree = "<group>"; };
		42FD17FD2622BEB5006464F9 /* ViewController.swift */ = {isa = PBXFileReference; lastKnownFileType = sourcecode.swift; path = ViewController.swift; sourceTree = "<group>"; };
		42FD18002622BEB5006464F9 /* Base */ = {isa = PBXFileReference; lastKnownFileType = file.storyboard; name = Base; path = Base.lproj/Main.storyboard; sourceTree = "<group>"; };
		42FD18022622BEB5006464F9 /* Assets.xcassets */ = {isa = PBXFileReference; lastKnownFileType = folder.assetcatalog; path = Assets.xcassets; sourceTree = "<group>"; };
		42FD18052622BEB5006464F9 /* Base */ = {isa = PBXFileReference; lastKnownFileType = file.storyboard; name = Base; path = Base.lproj/LaunchScreen.storyboard; sourceTree = "<group>"; };
		42FD18072622BEB5006464F9 /* Info.plist */ = {isa = PBXFileReference; lastKnownFileType = text.plist.xml; path = Info.plist; sourceTree = "<group>"; };
		42FD180E2622BF41006464F9 /* ViewModel.swift */ = {isa = PBXFileReference; lastKnownFileType = sourcecode.swift; path = ViewModel.swift; sourceTree = "<group>"; };
		42FD181E2622C7CD006464F9 /* Cell.swift */ = {isa = PBXFileReference; lastKnownFileType = sourcecode.swift; path = Cell.swift; sourceTree = "<group>"; };
		42FD18212622C899006464F9 /* CellViewModel.swift */ = {isa = PBXFileReference; lastKnownFileType = sourcecode.swift; path = CellViewModel.swift; sourceTree = "<group>"; };
		42FD18372622E9B8006464F9 /* Model.swift */ = {isa = PBXFileReference; lastKnownFileType = sourcecode.swift; path = Model.swift; sourceTree = "<group>"; };
/* End PBXFileReference section */

/* Begin PBXFrameworksBuildPhase section */
		42FD17F32622BEB5006464F9 /* Frameworks */ = {
			isa = PBXFrameworksBuildPhase;
			buildActionMask = 2147483647;
			files = (
				42FD1842262302BA006464F9 /* RxRelay in Frameworks */,
				42FD18342622E880006464F9 /* Differentiator in Frameworks */,
				42FD18322622E880006464F9 /* RxDataSources in Frameworks */,
				42FD1840262302BA006464F9 /* RxCocoa in Frameworks */,
				42FD183E262302BA006464F9 /* RxSwift in Frameworks */,
				42FD18182622C4B4006464F9 /* SnapKit in Frameworks */,
			);
			runOnlyForDeploymentPostprocessing = 0;
		};
/* End PBXFrameworksBuildPhase section */

/* Begin PBXGroup section */
		42FD17ED2622BEB5006464F9 = {
			isa = PBXGroup;
			children = (
				42FD17F82622BEB5006464F9 /* StaticTableViewMVVM */,
				42FD17F72622BEB5006464F9 /* Products */,
			);
			sourceTree = "<group>";
		};
		42FD17F72622BEB5006464F9 /* Products */ = {
			isa = PBXGroup;
			children = (
				42FD17F62622BEB5006464F9 /* StaticTableViewMVVM.app */,
			);
			name = Products;
			sourceTree = "<group>";
		};
		42FD17F82622BEB5006464F9 /* StaticTableViewMVVM */ = {
			isa = PBXGroup;
			children = (
				42FD18112622BF56006464F9 /* Supporting Files */,
				42FD17FD2622BEB5006464F9 /* ViewController.swift */,
				42FD180E2622BF41006464F9 /* ViewModel.swift */,
				42FD181E2622C7CD006464F9 /* Cell.swift */,
				42FD18212622C899006464F9 /* CellViewModel.swift */,
				42FD18372622E9B8006464F9 /* Model.swift */,
			);
			path = StaticTableViewMVVM;
			sourceTree = "<group>";
		};
		42FD18112622BF56006464F9 /* Supporting Files */ = {
			isa = PBXGroup;
			children = (
				42FD18042622BEB5006464F9 /* LaunchScreen.storyboard */,
				42FD18072622BEB5006464F9 /* Info.plist */,
				42FD18022622BEB5006464F9 /* Assets.xcassets */,
				42FD17FF2622BEB5006464F9 /* Main.storyboard */,
				42FD17FB2622BEB5006464F9 /* SceneDelegate.swift */,
				42FD17F92622BEB5006464F9 /* AppDelegate.swift */,
			);
			path = "Supporting Files";
			sourceTree = "<group>";
		};
/* End PBXGroup section */

/* Begin PBXNativeTarget section */
		42FD17F52622BEB5006464F9 /* StaticTableViewMVVM */ = {
			isa = PBXNativeTarget;
			buildConfigurationList = 42FD180A2622BEB5006464F9 /* Build configuration list for PBXNativeTarget "StaticTableViewMVVM" */;
			buildPhases = (
				42FD17F22622BEB5006464F9 /* Sources */,
				42FD17F32622BEB5006464F9 /* Frameworks */,
				42FD17F42622BEB5006464F9 /* Resources */,
			);
			buildRules = (
			);
			dependencies = (
			);
			name = StaticTableViewMVVM;
			packageProductDependencies = (
				42FD18172622C4B4006464F9 /* SnapKit */,
				42FD18312622E880006464F9 /* RxDataSources */,
				42FD18332622E880006464F9 /* Differentiator */,
				42FD183D262302BA006464F9 /* RxSwift */,
				42FD183F262302BA006464F9 /* RxCocoa */,
				42FD1841262302BA006464F9 /* RxRelay */,
			);
			productName = StaticTableViewMVVM;
			productReference = 42FD17F62622BEB5006464F9 /* StaticTableViewMVVM.app */;
			productType = "com.apple.product-type.application";
		};
/* End PBXNativeTarget section */

/* Begin PBXProject section */
		42FD17EE2622BEB5006464F9 /* Project object */ = {
			isa = PBXProject;
			attributes = {
				LastSwiftUpdateCheck = 1240;
				LastUpgradeCheck = 1240;
				TargetAttributes = {
					42FD17F52622BEB5006464F9 = {
						CreatedOnToolsVersion = 12.4;
					};
				};
			};
			buildConfigurationList = 42FD17F12622BEB5006464F9 /* Build configuration list for PBXProject "StaticTableViewMVVM" */;
			compatibilityVersion = "Xcode 9.3";
			developmentRegion = en;
			hasScannedForEncodings = 0;
			knownRegions = (
				en,
				Base,
			);
			mainGroup = 42FD17ED2622BEB5006464F9;
			packageReferences = (
				42FD18162622C4B4006464F9 /* XCRemoteSwiftPackageReference "SnapKit" */,
				42FD18302622E880006464F9 /* XCRemoteSwiftPackageReference "RxDataSources" */,
				42FD183C262302BA006464F9 /* XCRemoteSwiftPackageReference "RxSwift" */,
			);
			productRefGroup = 42FD17F72622BEB5006464F9 /* Products */;
			projectDirPath = "";
			projectRoot = "";
			targets = (
				42FD17F52622BEB5006464F9 /* StaticTableViewMVVM */,
			);
		};
/* End PBXProject section */

/* Begin PBXResourcesBuildPhase section */
		42FD17F42622BEB5006464F9 /* Resources */ = {
			isa = PBXResourcesBuildPhase;
			buildActionMask = 2147483647;
			files = (
				42FD18062622BEB5006464F9 /* LaunchScreen.storyboard in Resources */,
				42FD18032622BEB5006464F9 /* Assets.xcassets in Resources */,
				42FD18012622BEB5006464F9 /* Main.storyboard in Resources */,
			);
			runOnlyForDeploymentPostprocessing = 0;
		};
/* End PBXResourcesBuildPhase section */

/* Begin PBXSourcesBuildPhase section */
		42FD17F22622BEB5006464F9 /* Sources */ = {
			isa = PBXSourcesBuildPhase;
			buildActionMask = 2147483647;
			files = (
				42FD17FE2622BEB5006464F9 /* ViewController.swift in Sources */,
				42FD17FA2622BEB5006464F9 /* AppDelegate.swift in Sources */,
				42FD18222622C899006464F9 /* CellViewModel.swift in Sources */,
				42FD180F2622BF41006464F9 /* ViewModel.swift in Sources */,
				42FD17FC2622BEB5006464F9 /* SceneDelegate.swift in Sources */,
				42FD181F2622C7CD006464F9 /* Cell.swift in Sources */,
				42FD18382622E9B8006464F9 /* Model.swift in Sources */,
			);
			runOnlyForDeploymentPostprocessing = 0;
		};
/* End PBXSourcesBuildPhase section */

/* Begin PBXVariantGroup section */
		42FD17FF2622BEB5006464F9 /* Main.storyboard */ = {
			isa = PBXVariantGroup;
			children = (
				42FD18002622BEB5006464F9 /* Base */,
			);
			name = Main.storyboard;
			sourceTree = "<group>";
		};
		42FD18042622BEB5006464F9 /* LaunchScreen.storyboard */ = {
			isa = PBXVariantGroup;
			children = (
				42FD18052622BEB5006464F9 /* Base */,
			);
			name = LaunchScreen.storyboard;
			sourceTree = "<group>";
		};
/* End PBXVariantGroup section */

/* Begin XCBuildConfiguration section */
		42FD18082622BEB5006464F9 /* Debug */ = {
			isa = XCBuildConfiguration;
			buildSettings = {
				ALWAYS_SEARCH_USER_PATHS = NO;
				CLANG_ANALYZER_NONNULL = YES;
				CLANG_ANALYZER_NUMBER_OBJECT_CONVERSION = YES_AGGRESSIVE;
				CLANG_CXX_LANGUAGE_STANDARD = "gnu++14";
				CLANG_CXX_LIBRARY = "libc++";
				CLANG_ENABLE_MODULES = YES;
				CLANG_ENABLE_OBJC_ARC = YES;
				CLANG_ENABLE_OBJC_WEAK = YES;
				CLANG_WARN_BLOCK_CAPTURE_AUTORELEASING = YES;
				CLANG_WARN_BOOL_CONVERSION = YES;
				CLANG_WARN_COMMA = YES;
				CLANG_WARN_CONSTANT_CONVERSION = YES;
				CLANG_WARN_DEPRECATED_OBJC_IMPLEMENTATIONS = YES;
				CLANG_WARN_DIRECT_OBJC_ISA_USAGE = YES_ERROR;
				CLANG_WARN_DOCUMENTATION_COMMENTS = YES;
				CLANG_WARN_EMPTY_BODY = YES;
				CLANG_WARN_ENUM_CONVERSION = YES;
				CLANG_WARN_INFINITE_RECURSION = YES;
				CLANG_WARN_INT_CONVERSION = YES;
				CLANG_WARN_NON_LITERAL_NULL_CONVERSION = YES;
				CLANG_WARN_OBJC_IMPLICIT_RETAIN_SELF = YES;
				CLANG_WARN_OBJC_LITERAL_CONVERSION = YES;
				CLANG_WARN_OBJC_ROOT_CLASS = YES_ERROR;
				CLANG_WARN_QUOTED_INCLUDE_IN_FRAMEWORK_HEADER = YES;
				CLANG_WARN_RANGE_LOOP_ANALYSIS = YES;
				CLANG_WARN_STRICT_PROTOTYPES = YES;
				CLANG_WARN_SUSPICIOUS_MOVE = YES;
				CLANG_WARN_UNGUARDED_AVAILABILITY = YES_AGGRESSIVE;
				CLANG_WARN_UNREACHABLE_CODE = YES;
				CLANG_WARN__DUPLICATE_METHOD_MATCH = YES;
				COPY_PHASE_STRIP = NO;
				DEBUG_INFORMATION_FORMAT = dwarf;
				ENABLE_STRICT_OBJC_MSGSEND = YES;
				ENABLE_TESTABILITY = YES;
				GCC_C_LANGUAGE_STANDARD = gnu11;
				GCC_DYNAMIC_NO_PIC = NO;
				GCC_NO_COMMON_BLOCKS = YES;
				GCC_OPTIMIZATION_LEVEL = 0;
				GCC_PREPROCESSOR_DEFINITIONS = (
					"DEBUG=1",
					"$(inherited)",
				);
				GCC_WARN_64_TO_32_BIT_CONVERSION = YES;
				GCC_WARN_ABOUT_RETURN_TYPE = YES_ERROR;
				GCC_WARN_UNDECLARED_SELECTOR = YES;
				GCC_WARN_UNINITIALIZED_AUTOS = YES_AGGRESSIVE;
				GCC_WARN_UNUSED_FUNCTION = YES;
				GCC_WARN_UNUSED_VARIABLE = YES;
				IPHONEOS_DEPLOYMENT_TARGET = 14.4;
				MTL_ENABLE_DEBUG_INFO = INCLUDE_SOURCE;
				MTL_FAST_MATH = YES;
				ONLY_ACTIVE_ARCH = YES;
				SDKROOT = iphoneos;
				SWIFT_ACTIVE_COMPILATION_CONDITIONS = DEBUG;
				SWIFT_OPTIMIZATION_LEVEL = "-Onone";
			};
			name = Debug;
		};
		42FD18092622BEB5006464F9 /* Release */ = {
			isa = XCBuildConfiguration;
			buildSettings = {
				ALWAYS_SEARCH_USER_PATHS = NO;
				CLANG_ANALYZER_NONNULL = YES;
				CLANG_ANALYZER_NUMBER_OBJECT_CONVERSION = YES_AGGRESSIVE;
				CLANG_CXX_LANGUAGE_STANDARD = "gnu++14";
				CLANG_CXX_LIBRARY = "libc++";
				CLANG_ENABLE_MODULES = YES;
				CLANG_ENABLE_OBJC_ARC = YES;
				CLANG_ENABLE_OBJC_WEAK = YES;
				CLANG_WARN_BLOCK_CAPTURE_AUTORELEASING = YES;
				CLANG_WARN_BOOL_CONVERSION = YES;
				CLANG_WARN_COMMA = YES;
				CLANG_WARN_CONSTANT_CONVERSION = YES;
				CLANG_WARN_DEPRECATED_OBJC_IMPLEMENTATIONS = YES;
				CLANG_WARN_DIRECT_OBJC_ISA_USAGE = YES_ERROR;
				CLANG_WARN_DOCUMENTATION_COMMENTS = YES;
				CLANG_WARN_EMPTY_BODY = YES;
				CLANG_WARN_ENUM_CONVERSION = YES;
				CLANG_WARN_INFINITE_RECURSION = YES;
				CLANG_WARN_INT_CONVERSION = YES;
				CLANG_WARN_NON_LITERAL_NULL_CONVERSION = YES;
				CLANG_WARN_OBJC_IMPLICIT_RETAIN_SELF = YES;
				CLANG_WARN_OBJC_LITERAL_CONVERSION = YES;
				CLANG_WARN_OBJC_ROOT_CLASS = YES_ERROR;
				CLANG_WARN_QUOTED_INCLUDE_IN_FRAMEWORK_HEADER = YES;
				CLANG_WARN_RANGE_LOOP_ANALYSIS = YES;
				CLANG_WARN_STRICT_PROTOTYPES = YES;
				CLANG_WARN_SUSPICIOUS_MOVE = YES;
				CLANG_WARN_UNGUARDED_AVAILABILITY = YES_AGGRESSIVE;
				CLANG_WARN_UNREACHABLE_CODE = YES;
				CLANG_WARN__DUPLICATE_METHOD_MATCH = YES;
				COPY_PHASE_STRIP = NO;
				DEBUG_INFORMATION_FORMAT = "dwarf-with-dsym";
				ENABLE_NS_ASSERTIONS = NO;
				ENABLE_STRICT_OBJC_MSGSEND = YES;
				GCC_C_LANGUAGE_STANDARD = gnu11;
				GCC_NO_COMMON_BLOCKS = YES;
				GCC_WARN_64_TO_32_BIT_CONVERSION = YES;
				GCC_WARN_ABOUT_RETURN_TYPE = YES_ERROR;
				GCC_WARN_UNDECLARED_SELECTOR = YES;
				GCC_WARN_UNINITIALIZED_AUTOS = YES_AGGRESSIVE;
				GCC_WARN_UNUSED_FUNCTION = YES;
				GCC_WARN_UNUSED_VARIABLE = YES;
				IPHONEOS_DEPLOYMENT_TARGET = 14.4;
				MTL_ENABLE_DEBUG_INFO = NO;
				MTL_FAST_MATH = YES;
				SDKROOT = iphoneos;
				SWIFT_COMPILATION_MODE = wholemodule;
				SWIFT_OPTIMIZATION_LEVEL = "-O";
				VALIDATE_PRODUCT = YES;
			};
			name = Release;
		};
		42FD180B2622BEB5006464F9 /* Debug */ = {
			isa = XCBuildConfiguration;
			buildSettings = {
				ASSETCATALOG_COMPILER_APPICON_NAME = AppIcon;
				ASSETCATALOG_COMPILER_GLOBAL_ACCENT_COLOR_NAME = AccentColor;
				CODE_SIGN_STYLE = Automatic;
				DEVELOPMENT_TEAM = XNB68CC222;
				ENABLE_TESTING_SEARCH_PATHS = NO;
				INFOPLIST_FILE = "StaticTableViewMVVM/Supporting Files/Info.plist";
				LD_RUNPATH_SEARCH_PATHS = (
					"$(inherited)",
					"@executable_path/Frameworks",
				);
				PRODUCT_BUNDLE_IDENTIFIER = com.siparoma.StaticTableViewMVVM;
				PRODUCT_NAME = "$(TARGET_NAME)";
				SWIFT_VERSION = 5.0;
				TARGETED_DEVICE_FAMILY = "1,2";
			};
			name = Debug;
		};
		42FD180C2622BEB5006464F9 /* Release */ = {
			isa = XCBuildConfiguration;
			buildSettings = {
				ASSETCATALOG_COMPILER_APPICON_NAME = AppIcon;
				ASSETCATALOG_COMPILER_GLOBAL_ACCENT_COLOR_NAME = AccentColor;
				CODE_SIGN_STYLE = Automatic;
				DEVELOPMENT_TEAM = XNB68CC222;
				ENABLE_TESTING_SEARCH_PATHS = NO;
				INFOPLIST_FILE = "StaticTableViewMVVM/Supporting Files/Info.plist";
				LD_RUNPATH_SEARCH_PATHS = (
					"$(inherited)",
					"@executable_path/Frameworks",
				);
				PRODUCT_BUNDLE_IDENTIFIER = com.siparoma.StaticTableViewMVVM;
				PRODUCT_NAME = "$(TARGET_NAME)";
				SWIFT_VERSION = 5.0;
				TARGETED_DEVICE_FAMILY = "1,2";
			};
			name = Release;
		};
/* End XCBuildConfiguration section */

/* Begin XCConfigurationList section */
		42FD17F12622BEB5006464F9 /* Build configuration list for PBXProject "StaticTableViewMVVM" */ = {
			isa = XCConfigurationList;
			buildConfigurations = (
				42FD18082622BEB5006464F9 /* Debug */,
				42FD18092622BEB5006464F9 /* Release */,
			);
			defaultConfigurationIsVisible = 0;
			defaultConfigurationName = Release;
		};
		42FD180A2622BEB5006464F9 /* Build configuration list for PBXNativeTarget "StaticTableViewMVVM" */ = {
			isa = XCConfigurationList;
			buildConfigurations = (
				42FD180B2622BEB5006464F9 /* Debug */,
				42FD180C2622BEB5006464F9 /* Release */,
			);
			defaultConfigurationIsVisible = 0;
			defaultConfigurationName = Release;
		};
/* End XCConfigurationList section */

/* Begin XCRemoteSwiftPackageReference section */
		42FD18162622C4B4006464F9 /* XCRemoteSwiftPackageReference "SnapKit" */ = {
			isa = XCRemoteSwiftPackageReference;
			repositoryURL = "https://github.com/SnapKit/SnapKit.git";
			requirement = {
				kind = upToNextMajorVersion;
				minimumVersion = 5.0.1;
			};
		};
		42FD18302622E880006464F9 /* XCRemoteSwiftPackageReference "RxDataSources" */ = {
			isa = XCRemoteSwiftPackageReference;
			repositoryURL = "https://github.com/RxSwiftCommunity/RxDataSources.git";
			requirement = {
				kind = upToNextMajorVersion;
				minimumVersion = 5.0.1;
			};
		};
		42FD183C262302BA006464F9 /* XCRemoteSwiftPackageReference "RxSwift" */ = {
			isa = XCRemoteSwiftPackageReference;
			repositoryURL = "https://github.com/ReactiveX/RxSwift.git";
			requirement = {
				kind = upToNextMajorVersion;
				minimumVersion = 6.1.0;
			};
		};
/* End XCRemoteSwiftPackageReference section */

/* Begin XCSwiftPackageProductDependency section */
		42FD18172622C4B4006464F9 /* SnapKit */ = {
			isa = XCSwiftPackageProductDependency;
			package = 42FD18162622C4B4006464F9 /* XCRemoteSwiftPackageReference "SnapKit" */;
			productName = SnapKit;
		};
		42FD18312622E880006464F9 /* RxDataSources */ = {
			isa = XCSwiftPackageProductDependency;
			package = 42FD18302622E880006464F9 /* XCRemoteSwiftPackageReference "RxDataSources" */;
			productName = RxDataSources;
		};
		42FD18332622E880006464F9 /* Differentiator */ = {
			isa = XCSwiftPackageProductDependency;
			package = 42FD18302622E880006464F9 /* XCRemoteSwiftPackageReference "RxDataSources" */;
			productName = Differentiator;
		};
		42FD183D262302BA006464F9 /* RxSwift */ = {
			isa = XCSwiftPackageProductDependency;
			package = 42FD183C262302BA006464F9 /* XCRemoteSwiftPackageReference "RxSwift" */;
			productName = RxSwift;
		};
		42FD183F262302BA006464F9 /* RxCocoa */ = {
			isa = XCSwiftPackageProductDependency;
			package = 42FD183C262302BA006464F9 /* XCRemoteSwiftPackageReference "RxSwift" */;
			productName = RxCocoa;
		};
		42FD1841262302BA006464F9 /* RxRelay */ = {
			isa = XCSwiftPackageProductDependency;
			package = 42FD183C262302BA006464F9 /* XCRemoteSwiftPackageReference "RxSwift" */;
			productName = RxRelay;
		};
/* End XCSwiftPackageProductDependency section */
	};
	rootObject = 42FD17EE2622BEB5006464F9 /* Project object */;
}
